
Microsoft Visual Studio Solution File, Format Version 12.00
# Visual Studio Version 16
VisualStudioVersion = 16.0.31005.135
MinimumVisualStudioVersion = 10.0.40219.1
Project("{FAE04EC0-301F-11D3-BF4B-00C04F79EFBC}") = "CV01_PR1_FILIP_SVOBODA", "CV01_PR1_FILIP_SVOBODA\CV01_PR1_FILIP_SVOBODA.csproj", "{54496AAF-52E3-43E7-B8D3-66045E6001EA}"
EndProject
Global
	GlobalSection(SolutionConfigurationPlatforms) = preSolution
		Debug|Any CPU = Debug|Any CPU
		Release|Any CPU = Release|Any CPU
	EndGlobalSection
	GlobalSection(ProjectConfigurationPlatforms) = postSolution
		{54496AAF-52E3-43E7-B8D3-66045E6001EA}.Debug|Any CPU.ActiveCfg = Debug|Any CPU
		{54496AAF-52E3-43E7-B8D3-66045E6001EA}.Debug|Any CPU.Build.0 = Debug|Any CPU
		{54496AAF-52E3-43E7-B8D3-66045E6001EA}.Release|Any CPU.ActiveCfg = Release|Any CPU
		{54496AAF-52E3-43E7-B8D3-66045E6001EA}.Release|Any CPU.Build.0 = Release|Any CPU
	EndGlobalSection
	GlobalSection(SolutionProperties) = preSolution
		HideSolutionNode = FALSE
	EndGlobalSection
	GlobalSection(ExtensibilityGlobals) = postSolution
		SolutionGuid = {108E99E3-0A26-4657-85DB-6631B7C9B052}
	EndGlobalSection
EndGlobal
